<?xml version="1.0" encoding="utf-8"?>
<Project ToolsVersion="4.0" xmlns="http://schemas.microsoft.com/developer/msbuild/2003">
  <ItemGroup>
    <Filter Include="Source Files">
      <UniqueIdentifier>{4FC737F1-C7A5-4376-A066-2A32D752A2FF}</UniqueIdentifier>
      <Extensions>cpp;c;cc;cxx;def;odl;idl;hpj;bat;asm;asmx</Extensions>
    </Filter>
    <Filter Include="Header Files">
      <UniqueIdentifier>{93995380-89BD-4b04-88EB-625FBE52EBFB}</UniqueIdentifier>
      <Extensions>h;hh;hpp;hxx;hm;inl;inc;xsd</Extensions>
    </Filter>
    <Filter Include="Resource Files">
      <UniqueIdentifier>{67DA6AB6-F800-4c08-8B7A-83BB121AAD01}</UniqueIdentifier>
      <Extensions>rc;ico;cur;bmp;dlg;rc2;rct;bin;rgs;gif;jpg;jpeg;jpe;resx;tiff;tif;png;wav;mfcribbon-ms</Extensions>
    </Filter>
    <Filter Include="src">
      <UniqueIdentifier>{3683c929-e18c-4a2f-bb03-45d8ae76bb38}</UniqueIdentifier>
    </Filter>
    <Filter Include="src\os">
      <UniqueIdentifier>{69db2b6c-d8d1-478a-8c16-13f1c4a6327d}</UniqueIdentifier>
    </Filter>
    <Filter Include="src\packet">
      <UniqueIdentifier>{1e4859d8-687d-40e2-a0bf-63803f01f63e}</UniqueIdentifier>
    </Filter>
    <Filter Include="src\stream">
      <UniqueIdentifier>{a9f565b2-9971-4f09-943d-c999887efb8d}</UniqueIdentifier>
    </Filter>
    <Filter Include="src\container">
      <UniqueIdentifier>{f6319ea9-2e55-4001-8189-9947d85eecb1}</UniqueIdentifier>
    </Filter>
    <Filter Include="src\os\pipe">
      <UniqueIdentifier>{113c53aa-3dc1-4a38-a53f-40167a29ffa3}</UniqueIdentifier>
    </Filter>
    <Filter Include="src\allocator">
      <UniqueIdentifier>{beed1c9f-faeb-46d8-afa6-8f4e6a600dc7}</UniqueIdentifier>
    </Filter>
  </ItemGroup>
  <ItemGroup>
    <Text Include="ReadMe.txt" />
  </ItemGroup>
  <ItemGroup>
    <ClInclude Include="stdafx.h">
      <Filter>Header Files</Filter>
    </ClInclude>
    <ClInclude Include="targetver.h">
      <Filter>Header Files</Filter>
    </ClInclude>
    <ClInclude Include="..\src\_ast.h">
      <Filter>src</Filter>
    </ClInclude>
    <ClInclude Include="..\src\Stream\BaseStream.h">
      <Filter>src\stream</Filter>
    </ClInclude>
    <ClInclude Include="..\src\Stream\FileStream.h">
      <Filter>src\stream</Filter>
    </ClInclude>
    <ClInclude Include="..\src\Stream\HandleStream.h">
      <Filter>src\stream</Filter>
    </ClInclude>
    <ClInclude Include="..\src\Type.h">
      <Filter>src</Filter>
    </ClInclude>
    <ClInclude Include="..\src\Stream\Stream.h">
      <Filter>src\stream</Filter>
    </ClInclude>
    <ClInclude Include="..\src\Stream\MemoryStream.h">
      <Filter>src\stream</Filter>
    </ClInclude>
    <ClInclude Include="..\src\Packet\DataPacket.hpp">
      <Filter>src\packet</Filter>
    </ClInclude>
    <ClInclude Include="..\src\Packet\DataPacketReader.hpp">
      <Filter>src\packet</Filter>
    </ClInclude>
    <ClInclude Include="..\src\OS\Lock.h">
      <Filter>src\os</Filter>
    </ClInclude>
    <ClInclude Include="..\src\OS\Thread.h">
      <Filter>src\os</Filter>
    </ClInclude>
    <ClInclude Include="..\src\OS\Platform.h">
      <Filter>src\os</Filter>
    </ClInclude>
    <ClInclude Include="..\src\container\BaseList.h">
      <Filter>src\container</Filter>
    </ClInclude>
    <ClInclude Include="..\src\os\pipe\NamedPipe.h">
      <Filter>src\os\pipe</Filter>
    </ClInclude>
    <ClInclude Include="..\src\os\pipe\NPComm.h">
      <Filter>src\os\pipe</Filter>
    </ClInclude>
    <ClInclude Include="..\src\allocator\SingleObjectAllocator.hpp">
      <Filter>src\allocator</Filter>
    </ClInclude>
    <ClInclude Include="..\src\allocator\ObjectAllocator.hpp">
      <Filter>src\allocator</Filter>
    </ClInclude>
    <ClInclude Include="..\src\Win32AllocRecorder.hpp">
      <Filter>src</Filter>
    </ClInclude>
    <ClInclude Include="..\src\Win32AllocTraceDataPacket.hpp">
      <Filter>src</Filter>
    </ClInclude>
    <ClInclude Include="..\src\_memchk.h">
      <Filter>src</Filter>
    </ClInclude>
  </ItemGroup>
  <ItemGroup>
    <ClCompile Include="stdafx.cpp">
      <Filter>Source Files</Filter>
    </ClCompile>
    <ClCompile Include="Test_allocTrace.cpp">
      <Filter>Source Files</Filter>
    </ClCompile>
    <ClCompile Include="..\src\Stream\BaseStream.cpp">
      <Filter>src\stream</Filter>
    </ClCompile>
    <ClCompile Include="..\src\Stream\FileStream.cpp">
      <Filter>src\stream</Filter>
    </ClCompile>
    <ClCompile Include="..\src\Stream\HandleStream.cpp">
      <Filter>src\stream</Filter>
    </ClCompile>
    <ClCompile Include="..\src\Stream\MemoryStream.cpp">
      <Filter>src\stream</Filter>
    </ClCompile>
    <ClCompile Include="..\src\OS\Thread.cpp">
      <Filter>src\os</Filter>
    </ClCompile>
    <ClCompile Include="..\src\OS\Lock.cpp">
      <Filter>src\os</Filter>
    </ClCompile>
    <ClCompile Include="..\src\os\pipe\NPClient.cpp">
      <Filter>src\os\pipe</Filter>
    </ClCompile>
    <ClCompile Include="..\src\os\pipe\NPObject.cpp">
      <Filter>src\os\pipe</Filter>
    </ClCompile>
    <ClCompile Include="..\src\os\pipe\NPServer.cpp">
      <Filter>src\os\pipe</Filter>
    </ClCompile>
    <ClCompile Include="..\src\allocator\SimpleAllocTraceFormat.cpp">
      <Filter>src\allocator</Filter>
    </ClCompile>
    <ClCompile Include="..\src\Win32AllocRecorder.cpp">
      <Filter>src</Filter>
    </ClCompile>
    <ClCompile Include="..\src\Win32AllocTrace.cpp">
      <Filter>src</Filter>
    </ClCompile>
    <ClCompile Include="..\src\Win32Debug.cpp">
      <Filter>src</Filter>
    </ClCompile>
  </ItemGroup>
</Project>